// !$*UTF8*$!
{
	archiveVersion = 1;
	classes = {
	};
	objectVersion = 56;
	objects = {

/* Begin PBXBuildFile section */
		151A13BE2A49AC9B00CB6011 /* MyTwitterApp.swift in Sources */ = {isa = PBXBuildFile; fileRef = 151A13BD2A49AC9B00CB6011 /* MyTwitterApp.swift */; };
		151A13C22A49AC9D00CB6011 /* Assets.xcassets in Resources */ = {isa = PBXBuildFile; fileRef = 151A13C12A49AC9D00CB6011 /* Assets.xcassets */; };
		151A13C62A49AC9D00CB6011 /* Preview Assets.xcassets in Resources */ = {isa = PBXBuildFile; fileRef = 151A13C52A49AC9D00CB6011 /* Preview Assets.xcassets */; };
		151A13D02A49AC9D00CB6011 /* MyTwitterTests.swift in Sources */ = {isa = PBXBuildFile; fileRef = 151A13CF2A49AC9D00CB6011 /* MyTwitterTests.swift */; };
		151A13DA2A49AC9D00CB6011 /* MyTwitterUITests.swift in Sources */ = {isa = PBXBuildFile; fileRef = 151A13D92A49AC9D00CB6011 /* MyTwitterUITests.swift */; };
		151A13DC2A49AC9D00CB6011 /* MyTwitterUITestsLaunchTests.swift in Sources */ = {isa = PBXBuildFile; fileRef = 151A13DB2A49AC9D00CB6011 /* MyTwitterUITestsLaunchTests.swift */; };
		151A13F02A49B3E300CB6011 /* Home.swift in Sources */ = {isa = PBXBuildFile; fileRef = 151A13EF2A49B3E300CB6011 /* Home.swift */; };
		151A13F62A49B72400CB6011 /* FeedView.swift in Sources */ = {isa = PBXBuildFile; fileRef = 151A13F52A49B72400CB6011 /* FeedView.swift */; };
		151A13FA2A49B73700CB6011 /* SearchView.swift in Sources */ = {isa = PBXBuildFile; fileRef = 151A13F92A49B73700CB6011 /* SearchView.swift */; };
		151A13FC2A49B74000CB6011 /* NotificationView.swift in Sources */ = {isa = PBXBuildFile; fileRef = 151A13FB2A49B74000CB6011 /* NotificationView.swift */; };
		151A13FE2A49B74700CB6011 /* MessageView.swift in Sources */ = {isa = PBXBuildFile; fileRef = 151A13FD2A49B74700CB6011 /* MessageView.swift */; };
		151A14012A49D5CE00CB6011 /* CreateTweetView.swift in Sources */ = {isa = PBXBuildFile; fileRef = 151A14002A49D5CE00CB6011 /* CreateTweetView.swift */; };
		151A14042A49DB0200CB6011 /* MultilineTextField.swift in Sources */ = {isa = PBXBuildFile; fileRef = 151A14032A49DB0200CB6011 /* MultilineTextField.swift */; };
		151A14062A4AEAC800CB6011 /* TweetCellView.swift in Sources */ = {isa = PBXBuildFile; fileRef = 151A14052A4AEAC800CB6011 /* TweetCellView.swift */; };
		151A14082A4AF1AB00CB6011 /* TweetButton.swift in Sources */ = {isa = PBXBuildFile; fileRef = 151A14072A4AF1AB00CB6011 /* TweetButton.swift */; };
		151A140A2A4AFCFC00CB6011 /* SearchCellView.swift in Sources */ = {isa = PBXBuildFile; fileRef = 151A14092A4AFCFC00CB6011 /* SearchCellView.swift */; };
		151A14102A4B0D8B00CB6011 /* SearchBar.swift in Sources */ = {isa = PBXBuildFile; fileRef = 151A140F2A4B0D8B00CB6011 /* SearchBar.swift */; };
		151A14122A4B2AE400CB6011 /* SearchUserCellView.swift in Sources */ = {isa = PBXBuildFile; fileRef = 151A14112A4B2AE400CB6011 /* SearchUserCellView.swift */; };
		151A14142A4B2DE300CB6011 /* UIApplication + Exts.swift in Sources */ = {isa = PBXBuildFile; fileRef = 151A14132A4B2DE300CB6011 /* UIApplication + Exts.swift */; };
		151A14162A4B309D00CB6011 /* NotificationCellView.swift in Sources */ = {isa = PBXBuildFile; fileRef = 151A14152A4B309D00CB6011 /* NotificationCellView.swift */; };
		151A14182A4B651C00CB6011 /* MessageCellView.swift in Sources */ = {isa = PBXBuildFile; fileRef = 151A14172A4B651C00CB6011 /* MessageCellView.swift */; };
		151A141A2A4B68BF00CB6011 /* TopBar.swift in Sources */ = {isa = PBXBuildFile; fileRef = 151A14192A4B68BF00CB6011 /* TopBar.swift */; };
		151A141C2A4B69F300CB6011 /* CustomDivider.swift in Sources */ = {isa = PBXBuildFile; fileRef = 151A141B2A4B69F300CB6011 /* CustomDivider.swift */; };
		151A141E2A4B6A9C00CB6011 /* MainView.swift in Sources */ = {isa = PBXBuildFile; fileRef = 151A141D2A4B6A9C00CB6011 /* MainView.swift */; };
		151A14202A4B6B3A00CB6011 /* SlideMenu.swift in Sources */ = {isa = PBXBuildFile; fileRef = 151A141F2A4B6B3A00CB6011 /* SlideMenu.swift */; };
		151A14242A4C2A9F00CB6011 /* FollowView.swift in Sources */ = {isa = PBXBuildFile; fileRef = 151A14232A4C2A9F00CB6011 /* FollowView.swift */; };
		151A14262A4C2D5C00CB6011 /* MenuButton.swift in Sources */ = {isa = PBXBuildFile; fileRef = 151A14252A4C2D5C00CB6011 /* MenuButton.swift */; };
		151A14282A4C314000CB6011 /* MenuButtons.swift in Sources */ = {isa = PBXBuildFile; fileRef = 151A14272A4C314000CB6011 /* MenuButtons.swift */; };
		151A142D2A4DCCE800CB6011 /* UserProfile.swift in Sources */ = {isa = PBXBuildFile; fileRef = 151A142C2A4DCCE800CB6011 /* UserProfile.swift */; };
		151A142F2A4DCFB000CB6011 /* BlurView.swift in Sources */ = {isa = PBXBuildFile; fileRef = 151A142E2A4DCFB000CB6011 /* BlurView.swift */; };
		151A14312A4DFCE400CB6011 /* TabButton.swift in Sources */ = {isa = PBXBuildFile; fileRef = 151A14302A4DFCE400CB6011 /* TabButton.swift */; };
		151A14332A4E079100CB6011 /* View + Exts.swift in Sources */ = {isa = PBXBuildFile; fileRef = 151A14322A4E079100CB6011 /* View + Exts.swift */; };
		1573A8C32A4F018800163D47 /* MainViewModel.swift in Sources */ = {isa = PBXBuildFile; fileRef = 1573A8C22A4F018800163D47 /* MainViewModel.swift */; };
		1573A8C62A4F04F500163D47 /* WelcomeView.swift in Sources */ = {isa = PBXBuildFile; fileRef = 1573A8C52A4F04F500163D47 /* WelcomeView.swift */; };
		1573A8C82A4F0D2300163D47 /* AuthButton.swift in Sources */ = {isa = PBXBuildFile; fileRef = 1573A8C72A4F0D2300163D47 /* AuthButton.swift */; };
		1573A8CA2A4F20C400163D47 /* LoginView.swift in Sources */ = {isa = PBXBuildFile; fileRef = 1573A8C92A4F20C400163D47 /* LoginView.swift */; };
		1573A8CC2A4F20E800163D47 /* RegisterView.swift in Sources */ = {isa = PBXBuildFile; fileRef = 1573A8CB2A4F20E800163D47 /* RegisterView.swift */; };
		1573A8CE2A4F222C00163D47 /* CustomAuthTextField.swift in Sources */ = {isa = PBXBuildFile; fileRef = 1573A8CD2A4F222C00163D47 /* CustomAuthTextField.swift */; };
		1573A8D02A4F23B800163D47 /* SecureAuthTextField.swift in Sources */ = {isa = PBXBuildFile; fileRef = 1573A8CF2A4F23B800163D47 /* SecureAuthTextField.swift */; };
		1573A8D22A4F2C9700163D47 /* NavBar.swift in Sources */ = {isa = PBXBuildFile; fileRef = 1573A8D12A4F2C9700163D47 /* NavBar.swift */; };
		157D66472A58228900E5E0F6 /* Tweet.swift in Sources */ = {isa = PBXBuildFile; fileRef = 157D66462A58228900E5E0F6 /* Tweet.swift */; };
		157D664A2A58231F00E5E0F6 /* CreateTweetViewModel.swift in Sources */ = {isa = PBXBuildFile; fileRef = 157D66492A58231F00E5E0F6 /* CreateTweetViewModel.swift */; };
		157D664C2A58238500E5E0F6 /* RequestServices.swift in Sources */ = {isa = PBXBuildFile; fileRef = 157D664B2A58238500E5E0F6 /* RequestServices.swift */; };
		15BEF2B22A55D38E0021A2C3 /* User.swift in Sources */ = {isa = PBXBuildFile; fileRef = 15BEF2B12A55D38E0021A2C3 /* User.swift */; };
		15BEF2B42A55D4440021A2C3 /* AuthViewModel.swift in Sources */ = {isa = PBXBuildFile; fileRef = 15BEF2B32A55D4440021A2C3 /* AuthViewModel.swift */; };
		15BEF2B62A56B70C0021A2C3 /* AuthServices.swift in Sources */ = {isa = PBXBuildFile; fileRef = 15BEF2B52A56B70C0021A2C3 /* AuthServices.swift */; };
		15BEF2B92A56FB620021A2C3 /* ContentView.swift in Sources */ = {isa = PBXBuildFile; fileRef = 15BEF2B82A56FB620021A2C3 /* ContentView.swift */; };
/* End PBXBuildFile section */

/* Begin PBXContainerItemProxy section */
		151A13CC2A49AC9D00CB6011 /* PBXContainerItemProxy */ = {
			isa = PBXContainerItemProxy;
			containerPortal = 151A13B22A49AC9B00CB6011 /* Project object */;
			proxyType = 1;
			remoteGlobalIDString = 151A13B92A49AC9B00CB6011;
			remoteInfo = MyTwitter;
		};
		151A13D62A49AC9D00CB6011 /* PBXContainerItemProxy */ = {
			isa = PBXContainerItemProxy;
			containerPortal = 151A13B22A49AC9B00CB6011 /* Project object */;
			proxyType = 1;
			remoteGlobalIDString = 151A13B92A49AC9B00CB6011;
			remoteInfo = MyTwitter;
		};
/* End PBXContainerItemProxy section */

/* Begin PBXFileReference section */
		151A13BA2A49AC9B00CB6011 /* MyTwitter.app */ = {isa = PBXFileReference; explicitFileType = wrapper.application; includeInIndex = 0; path = MyTwitter.app; sourceTree = BUILT_PRODUCTS_DIR; };
		151A13BD2A49AC9B00CB6011 /* MyTwitterApp.swift */ = {isa = PBXFileReference; lastKnownFileType = sourcecode.swift; path = MyTwitterApp.swift; sourceTree = "<group>"; };
		151A13C12A49AC9D00CB6011 /* Assets.xcassets */ = {isa = PBXFileReference; lastKnownFileType = folder.assetcatalog; path = Assets.xcassets; sourceTree = "<group>"; };
		151A13C32A49AC9D00CB6011 /* MyTwitter.entitlements */ = {isa = PBXFileReference; lastKnownFileType = text.plist.entitlements; path = MyTwitter.entitlements; sourceTree = "<group>"; };
		151A13C52A49AC9D00CB6011 /* Preview Assets.xcassets */ = {isa = PBXFileReference; lastKnownFileType = folder.assetcatalog; path = "Preview Assets.xcassets"; sourceTree = "<group>"; };
		151A13CB2A49AC9D00CB6011 /* MyTwitterTests.xctest */ = {isa = PBXFileReference; explicitFileType = wrapper.cfbundle; includeInIndex = 0; path = MyTwitterTests.xctest; sourceTree = BUILT_PRODUCTS_DIR; };
		151A13CF2A49AC9D00CB6011 /* MyTwitterTests.swift */ = {isa = PBXFileReference; lastKnownFileType = sourcecode.swift; path = MyTwitterTests.swift; sourceTree = "<group>"; };
		151A13D52A49AC9D00CB6011 /* MyTwitterUITests.xctest */ = {isa = PBXFileReference; explicitFileType = wrapper.cfbundle; includeInIndex = 0; path = MyTwitterUITests.xctest; sourceTree = BUILT_PRODUCTS_DIR; };
		151A13D92A49AC9D00CB6011 /* MyTwitterUITests.swift */ = {isa = PBXFileReference; lastKnownFileType = sourcecode.swift; path = MyTwitterUITests.swift; sourceTree = "<group>"; };
		151A13DB2A49AC9D00CB6011 /* MyTwitterUITestsLaunchTests.swift */ = {isa = PBXFileReference; lastKnownFileType = sourcecode.swift; path = MyTwitterUITestsLaunchTests.swift; sourceTree = "<group>"; };
		151A13EF2A49B3E300CB6011 /* Home.swift */ = {isa = PBXFileReference; lastKnownFileType = sourcecode.swift; path = Home.swift; sourceTree = "<group>"; };
		151A13F52A49B72400CB6011 /* FeedView.swift */ = {isa = PBXFileReference; lastKnownFileType = sourcecode.swift; path = FeedView.swift; sourceTree = "<group>"; };
		151A13F92A49B73700CB6011 /* SearchView.swift */ = {isa = PBXFileReference; lastKnownFileType = sourcecode.swift; path = SearchView.swift; sourceTree = "<group>"; };
		151A13FB2A49B74000CB6011 /* NotificationView.swift */ = {isa = PBXFileReference; lastKnownFileType = sourcecode.swift; path = NotificationView.swift; sourceTree = "<group>"; };
		151A13FD2A49B74700CB6011 /* MessageView.swift */ = {isa = PBXFileReference; lastKnownFileType = sourcecode.swift; path = MessageView.swift; sourceTree = "<group>"; };
		151A14002A49D5CE00CB6011 /* CreateTweetView.swift */ = {isa = PBXFileReference; lastKnownFileType = sourcecode.swift; path = CreateTweetView.swift; sourceTree = "<group>"; };
		151A14032A49DB0200CB6011 /* MultilineTextField.swift */ = {isa = PBXFileReference; lastKnownFileType = sourcecode.swift; path = MultilineTextField.swift; sourceTree = "<group>"; };
		151A14052A4AEAC800CB6011 /* TweetCellView.swift */ = {isa = PBXFileReference; lastKnownFileType = sourcecode.swift; path = TweetCellView.swift; sourceTree = "<group>"; };
		151A14072A4AF1AB00CB6011 /* TweetButton.swift */ = {isa = PBXFileReference; lastKnownFileType = sourcecode.swift; path = TweetButton.swift; sourceTree = "<group>"; };
		151A14092A4AFCFC00CB6011 /* SearchCellView.swift */ = {isa = PBXFileReference; lastKnownFileType = sourcecode.swift; path = SearchCellView.swift; sourceTree = "<group>"; };
		151A140F2A4B0D8B00CB6011 /* SearchBar.swift */ = {isa = PBXFileReference; lastKnownFileType = sourcecode.swift; path = SearchBar.swift; sourceTree = "<group>"; };
		151A14112A4B2AE400CB6011 /* SearchUserCellView.swift */ = {isa = PBXFileReference; lastKnownFileType = sourcecode.swift; path = SearchUserCellView.swift; sourceTree = "<group>"; };
		151A14132A4B2DE300CB6011 /* UIApplication + Exts.swift */ = {isa = PBXFileReference; lastKnownFileType = sourcecode.swift; path = "UIApplication + Exts.swift"; sourceTree = "<group>"; };
		151A14152A4B309D00CB6011 /* NotificationCellView.swift */ = {isa = PBXFileReference; lastKnownFileType = sourcecode.swift; path = NotificationCellView.swift; sourceTree = "<group>"; };
		151A14172A4B651C00CB6011 /* MessageCellView.swift */ = {isa = PBXFileReference; lastKnownFileType = sourcecode.swift; path = MessageCellView.swift; sourceTree = "<group>"; };
		151A14192A4B68BF00CB6011 /* TopBar.swift */ = {isa = PBXFileReference; lastKnownFileType = sourcecode.swift; path = TopBar.swift; sourceTree = "<group>"; };
		151A141B2A4B69F300CB6011 /* CustomDivider.swift */ = {isa = PBXFileReference; lastKnownFileType = sourcecode.swift; path = CustomDivider.swift; sourceTree = "<group>"; };
		151A141D2A4B6A9C00CB6011 /* MainView.swift */ = {isa = PBXFileReference; lastKnownFileType = sourcecode.swift; path = MainView.swift; sourceTree = "<group>"; };
		151A141F2A4B6B3A00CB6011 /* SlideMenu.swift */ = {isa = PBXFileReference; lastKnownFileType = sourcecode.swift; path = SlideMenu.swift; sourceTree = "<group>"; };
		151A14232A4C2A9F00CB6011 /* FollowView.swift */ = {isa = PBXFileReference; lastKnownFileType = sourcecode.swift; path = FollowView.swift; sourceTree = "<group>"; };
		151A14252A4C2D5C00CB6011 /* MenuButton.swift */ = {isa = PBXFileReference; lastKnownFileType = sourcecode.swift; path = MenuButton.swift; sourceTree = "<group>"; };
		151A14272A4C314000CB6011 /* MenuButtons.swift */ = {isa = PBXFileReference; lastKnownFileType = sourcecode.swift; path = MenuButtons.swift; sourceTree = "<group>"; };
		151A142C2A4DCCE800CB6011 /* UserProfile.swift */ = {isa = PBXFileReference; lastKnownFileType = sourcecode.swift; path = UserProfile.swift; sourceTree = "<group>"; };
		151A142E2A4DCFB000CB6011 /* BlurView.swift */ = {isa = PBXFileReference; lastKnownFileType = sourcecode.swift; path = BlurView.swift; sourceTree = "<group>"; };
		151A14302A4DFCE400CB6011 /* TabButton.swift */ = {isa = PBXFileReference; lastKnownFileType = sourcecode.swift; path = TabButton.swift; sourceTree = "<group>"; };
		151A14322A4E079100CB6011 /* View + Exts.swift */ = {isa = PBXFileReference; lastKnownFileType = sourcecode.swift; path = "View + Exts.swift"; sourceTree = "<group>"; };
		1573A8C22A4F018800163D47 /* MainViewModel.swift */ = {isa = PBXFileReference; lastKnownFileType = sourcecode.swift; path = MainViewModel.swift; sourceTree = "<group>"; };
		1573A8C52A4F04F500163D47 /* WelcomeView.swift */ = {isa = PBXFileReference; lastKnownFileType = sourcecode.swift; path = WelcomeView.swift; sourceTree = "<group>"; };
		1573A8C72A4F0D2300163D47 /* AuthButton.swift */ = {isa = PBXFileReference; lastKnownFileType = sourcecode.swift; path = AuthButton.swift; sourceTree = "<group>"; };
		1573A8C92A4F20C400163D47 /* LoginView.swift */ = {isa = PBXFileReference; lastKnownFileType = sourcecode.swift; path = LoginView.swift; sourceTree = "<group>"; };
		1573A8CB2A4F20E800163D47 /* RegisterView.swift */ = {isa = PBXFileReference; lastKnownFileType = sourcecode.swift; path = RegisterView.swift; sourceTree = "<group>"; };
		1573A8CD2A4F222C00163D47 /* CustomAuthTextField.swift */ = {isa = PBXFileReference; lastKnownFileType = sourcecode.swift; path = CustomAuthTextField.swift; sourceTree = "<group>"; };
		1573A8CF2A4F23B800163D47 /* SecureAuthTextField.swift */ = {isa = PBXFileReference; lastKnownFileType = sourcecode.swift; path = SecureAuthTextField.swift; sourceTree = "<group>"; };
		1573A8D12A4F2C9700163D47 /* NavBar.swift */ = {isa = PBXFileReference; lastKnownFileType = sourcecode.swift; path = NavBar.swift; sourceTree = "<group>"; };
		157D66462A58228900E5E0F6 /* Tweet.swift */ = {isa = PBXFileReference; lastKnownFileType = sourcecode.swift; path = Tweet.swift; sourceTree = "<group>"; };
		157D66492A58231F00E5E0F6 /* CreateTweetViewModel.swift */ = {isa = PBXFileReference; lastKnownFileType = sourcecode.swift; path = CreateTweetViewModel.swift; sourceTree = "<group>"; };
		157D664B2A58238500E5E0F6 /* RequestServices.swift */ = {isa = PBXFileReference; lastKnownFileType = sourcecode.swift; path = RequestServices.swift; sourceTree = "<group>"; };
		15BEF2B12A55D38E0021A2C3 /* User.swift */ = {isa = PBXFileReference; lastKnownFileType = sourcecode.swift; path = User.swift; sourceTree = "<group>"; };
		15BEF2B32A55D4440021A2C3 /* AuthViewModel.swift */ = {isa = PBXFileReference; lastKnownFileType = sourcecode.swift; path = AuthViewModel.swift; sourceTree = "<group>"; };
		15BEF2B52A56B70C0021A2C3 /* AuthServices.swift */ = {isa = PBXFileReference; lastKnownFileType = sourcecode.swift; path = AuthServices.swift; sourceTree = "<group>"; };
		15BEF2B82A56FB620021A2C3 /* ContentView.swift */ = {isa = PBXFileReference; lastKnownFileType = sourcecode.swift; path = ContentView.swift; sourceTree = "<group>"; };
/* End PBXFileReference section */

/* Begin PBXFrameworksBuildPhase section */
		151A13B72A49AC9B00CB6011 /* Frameworks */ = {
			isa = PBXFrameworksBuildPhase;
			buildActionMask = 2147483647;
			files = (
			);
			runOnlyForDeploymentPostprocessing = 0;
		};
		151A13C82A49AC9D00CB6011 /* Frameworks */ = {
			isa = PBXFrameworksBuildPhase;
			buildActionMask = 2147483647;
			files = (
			);
			runOnlyForDeploymentPostprocessing = 0;
		};
		151A13D22A49AC9D00CB6011 /* Frameworks */ = {
			isa = PBXFrameworksBuildPhase;
			buildActionMask = 2147483647;
			files = (
			);
			runOnlyForDeploymentPostprocessing = 0;
		};
/* End PBXFrameworksBuildPhase section */

/* Begin PBXGroup section */
		151A13B12A49AC9B00CB6011 = {
			isa = PBXGroup;
			children = (
				151A13BC2A49AC9B00CB6011 /* MyTwitter */,
				151A13CE2A49AC9D00CB6011 /* MyTwitterTests */,
				151A13D82A49AC9D00CB6011 /* MyTwitterUITests */,
				151A13BB2A49AC9B00CB6011 /* Products */,
			);
			sourceTree = "<group>";
		};
		151A13BB2A49AC9B00CB6011 /* Products */ = {
			isa = PBXGroup;
			children = (
				151A13BA2A49AC9B00CB6011 /* MyTwitter.app */,
				151A13CB2A49AC9D00CB6011 /* MyTwitterTests.xctest */,
				151A13D52A49AC9D00CB6011 /* MyTwitterUITests.xctest */,
			);
			name = Products;
			sourceTree = "<group>";
		};
		151A13BC2A49AC9B00CB6011 /* MyTwitter */ = {
			isa = PBXGroup;
			children = (
				151A13ED2A49B2A600CB6011 /* New Group */,
				151A13EC2A49B29500CB6011 /* Extentions */,
				151A13EB2A49B29200CB6011 /* Services */,
				151A13EA2A49B28A00CB6011 /* Model */,
				151A13E92A49B28700CB6011 /* ViewModel */,
				151A13E82A49B28400CB6011 /* View */,
				151A13BD2A49AC9B00CB6011 /* MyTwitterApp.swift */,
				15BEF2B82A56FB620021A2C3 /* ContentView.swift */,
				151A13C12A49AC9D00CB6011 /* Assets.xcassets */,
				151A13C32A49AC9D00CB6011 /* MyTwitter.entitlements */,
				151A13C42A49AC9D00CB6011 /* Preview Content */,
			);
			path = MyTwitter;
			sourceTree = "<group>";
		};
		151A13C42A49AC9D00CB6011 /* Preview Content */ = {
			isa = PBXGroup;
			children = (
				151A13C52A49AC9D00CB6011 /* Preview Assets.xcassets */,
			);
			path = "Preview Content";
			sourceTree = "<group>";
		};
		151A13CE2A49AC9D00CB6011 /* MyTwitterTests */ = {
			isa = PBXGroup;
			children = (
				151A13CF2A49AC9D00CB6011 /* MyTwitterTests.swift */,
			);
			path = MyTwitterTests;
			sourceTree = "<group>";
		};
		151A13D82A49AC9D00CB6011 /* MyTwitterUITests */ = {
			isa = PBXGroup;
			children = (
				151A13D92A49AC9D00CB6011 /* MyTwitterUITests.swift */,
				151A13DB2A49AC9D00CB6011 /* MyTwitterUITestsLaunchTests.swift */,
			);
			path = MyTwitterUITests;
			sourceTree = "<group>";
		};
		151A13E82A49B28400CB6011 /* View */ = {
			isa = PBXGroup;
			children = (
				1573A8C42A4F04CE00163D47 /* Authentication */,
				151A14022A49DAEE00CB6011 /* Components */,
				151A13F12A49B70900CB6011 /* Feed */,
				151A13EE2A49B3D600CB6011 /* Main */,
				151A13F42A49B71A00CB6011 /* Message */,
				151A13F32A49B71400CB6011 /* Notification */,
				151A13FF2A49D5BF00CB6011 /* Post */,
				151A14292A4DCCD100CB6011 /* Proflle */,
				151A13F22A49B70C00CB6011 /* Search */,
			);
			path = View;
			sourceTree = "<group>";
		};
		151A13E92A49B28700CB6011 /* ViewModel */ = {
			isa = PBXGroup;
			children = (
				157D66482A58230900E5E0F6 /* PostTweet */,
				15BEF2B72A56D80F0021A2C3 /* Authentication */,
				1573A8C22A4F018800163D47 /* MainViewModel.swift */,
			);
			path = ViewModel;
			sourceTree = "<group>";
		};
		151A13EA2A49B28A00CB6011 /* Model */ = {
			isa = PBXGroup;
			children = (
				151A14272A4C314000CB6011 /* MenuButtons.swift */,
				15BEF2B12A55D38E0021A2C3 /* User.swift */,
				157D66462A58228900E5E0F6 /* Tweet.swift */,
			);
			path = Model;
			sourceTree = "<group>";
		};
		151A13EB2A49B29200CB6011 /* Services */ = {
			isa = PBXGroup;
			children = (
				15BEF2B52A56B70C0021A2C3 /* AuthServices.swift */,
				157D664B2A58238500E5E0F6 /* RequestServices.swift */,
			);
			path = Services;
			sourceTree = "<group>";
		};
		151A13EC2A49B29500CB6011 /* Extentions */ = {
			isa = PBXGroup;
			children = (
				151A14132A4B2DE300CB6011 /* UIApplication + Exts.swift */,
				151A14322A4E079100CB6011 /* View + Exts.swift */,
			);
			path = Extentions;
			sourceTree = "<group>";
		};
		151A13ED2A49B2A600CB6011 /* New Group */ = {
			isa = PBXGroup;
			children = (
			);
			path = "New Group";
			sourceTree = "<group>";
		};
		151A13EE2A49B3D600CB6011 /* Main */ = {
			isa = PBXGroup;
			children = (
				151A13EF2A49B3E300CB6011 /* Home.swift */,
				151A14192A4B68BF00CB6011 /* TopBar.swift */,
				151A141D2A4B6A9C00CB6011 /* MainView.swift */,
				151A141F2A4B6B3A00CB6011 /* SlideMenu.swift */,
			);
			path = Main;
			sourceTree = "<group>";
		};
		151A13F12A49B70900CB6011 /* Feed */ = {
			isa = PBXGroup;
			children = (
				151A13F52A49B72400CB6011 /* FeedView.swift */,
				151A14052A4AEAC800CB6011 /* TweetCellView.swift */,
			);
			path = Feed;
			sourceTree = "<group>";
		};
		151A13F22A49B70C00CB6011 /* Search */ = {
			isa = PBXGroup;
			children = (
				151A13F92A49B73700CB6011 /* SearchView.swift */,
				151A14092A4AFCFC00CB6011 /* SearchCellView.swift */,
				151A14112A4B2AE400CB6011 /* SearchUserCellView.swift */,
			);
			path = Search;
			sourceTree = "<group>";
		};
		151A13F32A49B71400CB6011 /* Notification */ = {
			isa = PBXGroup;
			children = (
				151A13FB2A49B74000CB6011 /* NotificationView.swift */,
				151A14152A4B309D00CB6011 /* NotificationCellView.swift */,
			);
			path = Notification;
			sourceTree = "<group>";
		};
		151A13F42A49B71A00CB6011 /* Message */ = {
			isa = PBXGroup;
			children = (
				151A13FD2A49B74700CB6011 /* MessageView.swift */,
				151A14172A4B651C00CB6011 /* MessageCellView.swift */,
			);
			path = Message;
			sourceTree = "<group>";
		};
		151A13FF2A49D5BF00CB6011 /* Post */ = {
			isa = PBXGroup;
			children = (
				151A14002A49D5CE00CB6011 /* CreateTweetView.swift */,
			);
			path = Post;
			sourceTree = "<group>";
		};
		151A14022A49DAEE00CB6011 /* Components */ = {
			isa = PBXGroup;
			children = (
				151A14032A49DB0200CB6011 /* MultilineTextField.swift */,
				151A14072A4AF1AB00CB6011 /* TweetButton.swift */,
				151A140F2A4B0D8B00CB6011 /* SearchBar.swift */,
				151A141B2A4B69F300CB6011 /* CustomDivider.swift */,
				151A14232A4C2A9F00CB6011 /* FollowView.swift */,
				151A14252A4C2D5C00CB6011 /* MenuButton.swift */,
				151A142E2A4DCFB000CB6011 /* BlurView.swift */,
				151A14302A4DFCE400CB6011 /* TabButton.swift */,
				1573A8C72A4F0D2300163D47 /* AuthButton.swift */,
				1573A8CD2A4F222C00163D47 /* CustomAuthTextField.swift */,
				1573A8CF2A4F23B800163D47 /* SecureAuthTextField.swift */,
				1573A8D12A4F2C9700163D47 /* NavBar.swift */,
			);
			path = Components;
			sourceTree = "<group>";
		};
		151A14292A4DCCD100CB6011 /* Proflle */ = {
			isa = PBXGroup;
			children = (
				151A142C2A4DCCE800CB6011 /* UserProfile.swift */,
			);
			path = Proflle;
			sourceTree = "<group>";
		};
		1573A8C42A4F04CE00163D47 /* Authentication */ = {
			isa = PBXGroup;
			children = (
				1573A8C52A4F04F500163D47 /* WelcomeView.swift */,
				1573A8C92A4F20C400163D47 /* LoginView.swift */,
				1573A8CB2A4F20E800163D47 /* RegisterView.swift */,
			);
			path = Authentication;
			sourceTree = "<group>";
		};
		157D66482A58230900E5E0F6 /* PostTweet */ = {
			isa = PBXGroup;
			children = (
				157D66492A58231F00E5E0F6 /* CreateTweetViewModel.swift */,
			);
			path = PostTweet;
			sourceTree = "<group>";
		};
		15BEF2B72A56D80F0021A2C3 /* Authentication */ = {
			isa = PBXGroup;
			children = (
				15BEF2B32A55D4440021A2C3 /* AuthViewModel.swift */,
			);
			path = Authentication;
			sourceTree = "<group>";
		};
/* End PBXGroup section */

/* Begin PBXNativeTarget section */
		151A13B92A49AC9B00CB6011 /* MyTwitter */ = {
			isa = PBXNativeTarget;
			buildConfigurationList = 151A13DF2A49AC9D00CB6011 /* Build configuration list for PBXNativeTarget "MyTwitter" */;
			buildPhases = (
				151A13B62A49AC9B00CB6011 /* Sources */,
				151A13B72A49AC9B00CB6011 /* Frameworks */,
				151A13B82A49AC9B00CB6011 /* Resources */,
			);
			buildRules = (
			);
			dependencies = (
			);
			name = MyTwitter;
			productName = MyTwitter;
			productReference = 151A13BA2A49AC9B00CB6011 /* MyTwitter.app */;
			productType = "com.apple.product-type.application";
		};
		151A13CA2A49AC9D00CB6011 /* MyTwitterTests */ = {
			isa = PBXNativeTarget;
			buildConfigurationList = 151A13E22A49AC9D00CB6011 /* Build configuration list for PBXNativeTarget "MyTwitterTests" */;
			buildPhases = (
				151A13C72A49AC9D00CB6011 /* Sources */,
				151A13C82A49AC9D00CB6011 /* Frameworks */,
				151A13C92A49AC9D00CB6011 /* Resources */,
			);
			buildRules = (
			);
			dependencies = (
				151A13CD2A49AC9D00CB6011 /* PBXTargetDependency */,
			);
			name = MyTwitterTests;
			productName = MyTwitterTests;
			productReference = 151A13CB2A49AC9D00CB6011 /* MyTwitterTests.xctest */;
			productType = "com.apple.product-type.bundle.unit-test";
		};
		151A13D42A49AC9D00CB6011 /* MyTwitterUITests */ = {
			isa = PBXNativeTarget;
			buildConfigurationList = 151A13E52A49AC9D00CB6011 /* Build configuration list for PBXNativeTarget "MyTwitterUITests" */;
			buildPhases = (
				151A13D12A49AC9D00CB6011 /* Sources */,
				151A13D22A49AC9D00CB6011 /* Frameworks */,
				151A13D32A49AC9D00CB6011 /* Resources */,
			);
			buildRules = (
			);
			dependencies = (
				151A13D72A49AC9D00CB6011 /* PBXTargetDependency */,
			);
			name = MyTwitterUITests;
			productName = MyTwitterUITests;
			productReference = 151A13D52A49AC9D00CB6011 /* MyTwitterUITests.xctest */;
			productType = "com.apple.product-type.bundle.ui-testing";
		};
/* End PBXNativeTarget section */

/* Begin PBXProject section */
		151A13B22A49AC9B00CB6011 /* Project object */ = {
			isa = PBXProject;
			attributes = {
				BuildIndependentTargetsInParallel = 1;
				LastSwiftUpdateCheck = 1430;
				LastUpgradeCheck = 1430;
				TargetAttributes = {
					151A13B92A49AC9B00CB6011 = {
						CreatedOnToolsVersion = 14.3.1;
					};
					151A13CA2A49AC9D00CB6011 = {
						CreatedOnToolsVersion = 14.3.1;
						TestTargetID = 151A13B92A49AC9B00CB6011;
					};
					151A13D42A49AC9D00CB6011 = {
						CreatedOnToolsVersion = 14.3.1;
						TestTargetID = 151A13B92A49AC9B00CB6011;
					};
				};
			};
			buildConfigurationList = 151A13B52A49AC9B00CB6011 /* Build configuration list for PBXProject "MyTwitter" */;
			compatibilityVersion = "Xcode 14.0";
			developmentRegion = en;
			hasScannedForEncodings = 0;
			knownRegions = (
				en,
				Base,
			);
			mainGroup = 151A13B12A49AC9B00CB6011;
			productRefGroup = 151A13BB2A49AC9B00CB6011 /* Products */;
			projectDirPath = "";
			projectRoot = "";
			targets = (
				151A13B92A49AC9B00CB6011 /* MyTwitter */,
				151A13CA2A49AC9D00CB6011 /* MyTwitterTests */,
				151A13D42A49AC9D00CB6011 /* MyTwitterUITests */,
			);
		};
/* End PBXProject section */

/* Begin PBXResourcesBuildPhase section */
		151A13B82A49AC9B00CB6011 /* Resources */ = {
			isa = PBXResourcesBuildPhase;
			buildActionMask = 2147483647;
			files = (
				151A13C62A49AC9D00CB6011 /* Preview Assets.xcassets in Resources */,
				151A13C22A49AC9D00CB6011 /* Assets.xcassets in Resources */,
			);
			runOnlyForDeploymentPostprocessing = 0;
		};
		151A13C92A49AC9D00CB6011 /* Resources */ = {
			isa = PBXResourcesBuildPhase;
			buildActionMask = 2147483647;
			files = (
			);
			runOnlyForDeploymentPostprocessing = 0;
		};
		151A13D32A49AC9D00CB6011 /* Resources */ = {
			isa = PBXResourcesBuildPhase;
			buildActionMask = 2147483647;
			files = (
			);
			runOnlyForDeploymentPostprocessing = 0;
		};
/* End PBXResourcesBuildPhase section */

/* Begin PBXSourcesBuildPhase section */
		151A13B62A49AC9B00CB6011 /* Sources */ = {
			isa = PBXSourcesBuildPhase;
			buildActionMask = 2147483647;
			files = (
				151A14282A4C314000CB6011 /* MenuButtons.swift in Sources */,
				1573A8C82A4F0D2300163D47 /* AuthButton.swift in Sources */,
				151A141C2A4B69F300CB6011 /* CustomDivider.swift in Sources */,
				151A14102A4B0D8B00CB6011 /* SearchBar.swift in Sources */,
				151A141A2A4B68BF00CB6011 /* TopBar.swift in Sources */,
				151A14182A4B651C00CB6011 /* MessageCellView.swift in Sources */,
				151A14122A4B2AE400CB6011 /* SearchUserCellView.swift in Sources */,
				151A140A2A4AFCFC00CB6011 /* SearchCellView.swift in Sources */,
				1573A8C62A4F04F500163D47 /* WelcomeView.swift in Sources */,
				1573A8CE2A4F222C00163D47 /* CustomAuthTextField.swift in Sources */,
				1573A8C32A4F018800163D47 /* MainViewModel.swift in Sources */,
				151A14062A4AEAC800CB6011 /* TweetCellView.swift in Sources */,
				151A14202A4B6B3A00CB6011 /* SlideMenu.swift in Sources */,
				151A14312A4DFCE400CB6011 /* TabButton.swift in Sources */,
				1573A8CC2A4F20E800163D47 /* RegisterView.swift in Sources */,
				151A14012A49D5CE00CB6011 /* CreateTweetView.swift in Sources */,
				151A13FA2A49B73700CB6011 /* SearchView.swift in Sources */,
				151A14242A4C2A9F00CB6011 /* FollowView.swift in Sources */,
				151A142F2A4DCFB000CB6011 /* BlurView.swift in Sources */,
				151A14142A4B2DE300CB6011 /* UIApplication + Exts.swift in Sources */,
				151A14162A4B309D00CB6011 /* NotificationCellView.swift in Sources */,
				151A14082A4AF1AB00CB6011 /* TweetButton.swift in Sources */,
				151A13F62A49B72400CB6011 /* FeedView.swift in Sources */,
				157D664C2A58238500E5E0F6 /* RequestServices.swift in Sources */,
				15BEF2B92A56FB620021A2C3 /* ContentView.swift in Sources */,
				151A141E2A4B6A9C00CB6011 /* MainView.swift in Sources */,
				157D664A2A58231F00E5E0F6 /* CreateTweetViewModel.swift in Sources */,
				1573A8CA2A4F20C400163D47 /* LoginView.swift in Sources */,
				15BEF2B62A56B70C0021A2C3 /* AuthServices.swift in Sources */,
				1573A8D22A4F2C9700163D47 /* NavBar.swift in Sources */,
				151A13F02A49B3E300CB6011 /* Home.swift in Sources */,
				151A13BE2A49AC9B00CB6011 /* MyTwitterApp.swift in Sources */,
				151A14042A49DB0200CB6011 /* MultilineTextField.swift in Sources */,
				157D66472A58228900E5E0F6 /* Tweet.swift in Sources */,
				1573A8D02A4F23B800163D47 /* SecureAuthTextField.swift in Sources */,
				151A142D2A4DCCE800CB6011 /* UserProfile.swift in Sources */,
				151A14332A4E079100CB6011 /* View + Exts.swift in Sources */,
				15BEF2B22A55D38E0021A2C3 /* User.swift in Sources */,
				151A14262A4C2D5C00CB6011 /* MenuButton.swift in Sources */,
				151A13FE2A49B74700CB6011 /* MessageView.swift in Sources */,
				151A13FC2A49B74000CB6011 /* NotificationView.swift in Sources */,
				15BEF2B42A55D4440021A2C3 /* AuthViewModel.swift in Sources */,
			);
			runOnlyForDeploymentPostprocessing = 0;
		};
		151A13C72A49AC9D00CB6011 /* Sources */ = {
			isa = PBXSourcesBuildPhase;
			buildActionMask = 2147483647;
			files = (
				151A13D02A49AC9D00CB6011 /* MyTwitterTests.swift in Sources */,
			);
			runOnlyForDeploymentPostprocessing = 0;
		};
		151A13D12A49AC9D00CB6011 /* Sources */ = {
			isa = PBXSourcesBuildPhase;
			buildActionMask = 2147483647;
			files = (
				151A13DC2A49AC9D00CB6011 /* MyTwitterUITestsLaunchTests.swift in Sources */,
				151A13DA2A49AC9D00CB6011 /* MyTwitterUITests.swift in Sources */,
			);
			runOnlyForDeploymentPostprocessing = 0;
		};
/* End PBXSourcesBuildPhase section */

/* Begin PBXTargetDependency section */
		151A13CD2A49AC9D00CB6011 /* PBXTargetDependency */ = {
			isa = PBXTargetDependency;
			target = 151A13B92A49AC9B00CB6011 /* MyTwitter */;
			targetProxy = 151A13CC2A49AC9D00CB6011 /* PBXContainerItemProxy */;
		};
		151A13D72A49AC9D00CB6011 /* PBXTargetDependency */ = {
			isa = PBXTargetDependency;
			target = 151A13B92A49AC9B00CB6011 /* MyTwitter */;
			targetProxy = 151A13D62A49AC9D00CB6011 /* PBXContainerItemProxy */;
		};
/* End PBXTargetDependency section */

/* Begin XCBuildConfiguration section */
		151A13DD2A49AC9D00CB6011 /* Debug */ = {
			isa = XCBuildConfiguration;
			buildSettings = {
				ALWAYS_SEARCH_USER_PATHS = NO;
				CLANG_ANALYZER_NONNULL = YES;
				CLANG_ANALYZER_NUMBER_OBJECT_CONVERSION = YES_AGGRESSIVE;
				CLANG_CXX_LANGUAGE_STANDARD = "gnu++20";
				CLANG_ENABLE_MODULES = YES;
				CLANG_ENABLE_OBJC_ARC = YES;
				CLANG_ENABLE_OBJC_WEAK = YES;
				CLANG_WARN_BLOCK_CAPTURE_AUTORELEASING = YES;
				CLANG_WARN_BOOL_CONVERSION = YES;
				CLANG_WARN_COMMA = YES;
				CLANG_WARN_CONSTANT_CONVERSION = YES;
				CLANG_WARN_DEPRECATED_OBJC_IMPLEMENTATIONS = YES;
				CLANG_WARN_DIRECT_OBJC_ISA_USAGE = YES_ERROR;
				CLANG_WARN_DOCUMENTATION_COMMENTS = YES;
				CLANG_WARN_EMPTY_BODY = YES;
				CLANG_WARN_ENUM_CONVERSION = YES;
				CLANG_WARN_INFINITE_RECURSION = YES;
				CLANG_WARN_INT_CONVERSION = YES;
				CLANG_WARN_NON_LITERAL_NULL_CONVERSION = YES;
				CLANG_WARN_OBJC_IMPLICIT_RETAIN_SELF = YES;
				CLANG_WARN_OBJC_LITERAL_CONVERSION = YES;
				CLANG_WARN_OBJC_ROOT_CLASS = YES_ERROR;
				CLANG_WARN_QUOTED_INCLUDE_IN_FRAMEWORK_HEADER = YES;
				CLANG_WARN_RANGE_LOOP_ANALYSIS = YES;
				CLANG_WARN_STRICT_PROTOTYPES = YES;
				CLANG_WARN_SUSPICIOUS_MOVE = YES;
				CLANG_WARN_UNGUARDED_AVAILABILITY = YES_AGGRESSIVE;
				CLANG_WARN_UNREACHABLE_CODE = YES;
				CLANG_WARN__DUPLICATE_METHOD_MATCH = YES;
				COPY_PHASE_STRIP = NO;
				DEBUG_INFORMATION_FORMAT = dwarf;
				ENABLE_STRICT_OBJC_MSGSEND = YES;
				ENABLE_TESTABILITY = YES;
				GCC_C_LANGUAGE_STANDARD = gnu11;
				GCC_DYNAMIC_NO_PIC = NO;
				GCC_NO_COMMON_BLOCKS = YES;
				GCC_OPTIMIZATION_LEVEL = 0;
				GCC_PREPROCESSOR_DEFINITIONS = (
					"DEBUG=1",
					"$(inherited)",
				);
				GCC_WARN_64_TO_32_BIT_CONVERSION = YES;
				GCC_WARN_ABOUT_RETURN_TYPE = YES_ERROR;
				GCC_WARN_UNDECLARED_SELECTOR = YES;
				GCC_WARN_UNINITIALIZED_AUTOS = YES_AGGRESSIVE;
				GCC_WARN_UNUSED_FUNCTION = YES;
				GCC_WARN_UNUSED_VARIABLE = YES;
				MTL_ENABLE_DEBUG_INFO = INCLUDE_SOURCE;
				MTL_FAST_MATH = YES;
				ONLY_ACTIVE_ARCH = YES;
				SWIFT_ACTIVE_COMPILATION_CONDITIONS = DEBUG;
				SWIFT_OPTIMIZATION_LEVEL = "-Onone";
			};
			name = Debug;
		};
		151A13DE2A49AC9D00CB6011 /* Release */ = {
			isa = XCBuildConfiguration;
			buildSettings = {
				ALWAYS_SEARCH_USER_PATHS = NO;
				CLANG_ANALYZER_NONNULL = YES;
				CLANG_ANALYZER_NUMBER_OBJECT_CONVERSION = YES_AGGRESSIVE;
				CLANG_CXX_LANGUAGE_STANDARD = "gnu++20";
				CLANG_ENABLE_MODULES = YES;
				CLANG_ENABLE_OBJC_ARC = YES;
				CLANG_ENABLE_OBJC_WEAK = YES;
				CLANG_WARN_BLOCK_CAPTURE_AUTORELEASING = YES;
				CLANG_WARN_BOOL_CONVERSION = YES;
				CLANG_WARN_COMMA = YES;
				CLANG_WARN_CONSTANT_CONVERSION = YES;
				CLANG_WARN_DEPRECATED_OBJC_IMPLEMENTATIONS = YES;
				CLANG_WARN_DIRECT_OBJC_ISA_USAGE = YES_ERROR;
				CLANG_WARN_DOCUMENTATION_COMMENTS = YES;
				CLANG_WARN_EMPTY_BODY = YES;
				CLANG_WARN_ENUM_CONVERSION = YES;
				CLANG_WARN_INFINITE_RECURSION = YES;
				CLANG_WARN_INT_CONVERSION = YES;
				CLANG_WARN_NON_LITERAL_NULL_CONVERSION = YES;
				CLANG_WARN_OBJC_IMPLICIT_RETAIN_SELF = YES;
				CLANG_WARN_OBJC_LITERAL_CONVERSION = YES;
				CLANG_WARN_OBJC_ROOT_CLASS = YES_ERROR;
				CLANG_WARN_QUOTED_INCLUDE_IN_FRAMEWORK_HEADER = YES;
				CLANG_WARN_RANGE_LOOP_ANALYSIS = YES;
				CLANG_WARN_STRICT_PROTOTYPES = YES;
				CLANG_WARN_SUSPICIOUS_MOVE = YES;
				CLANG_WARN_UNGUARDED_AVAILABILITY = YES_AGGRESSIVE;
				CLANG_WARN_UNREACHABLE_CODE = YES;
				CLANG_WARN__DUPLICATE_METHOD_MATCH = YES;
				COPY_PHASE_STRIP = NO;
				DEBUG_INFORMATION_FORMAT = "dwarf-with-dsym";
				ENABLE_NS_ASSERTIONS = NO;
				ENABLE_STRICT_OBJC_MSGSEND = YES;
				GCC_C_LANGUAGE_STANDARD = gnu11;
				GCC_NO_COMMON_BLOCKS = YES;
				GCC_WARN_64_TO_32_BIT_CONVERSION = YES;
				GCC_WARN_ABOUT_RETURN_TYPE = YES_ERROR;
				GCC_WARN_UNDECLARED_SELECTOR = YES;
				GCC_WARN_UNINITIALIZED_AUTOS = YES_AGGRESSIVE;
				GCC_WARN_UNUSED_FUNCTION = YES;
				GCC_WARN_UNUSED_VARIABLE = YES;
				MTL_ENABLE_DEBUG_INFO = NO;
				MTL_FAST_MATH = YES;
				SWIFT_COMPILATION_MODE = wholemodule;
				SWIFT_OPTIMIZATION_LEVEL = "-O";
			};
			name = Release;
		};
		151A13E02A49AC9D00CB6011 /* Debug */ = {
			isa = XCBuildConfiguration;
			buildSettings = {
				ASSETCATALOG_COMPILER_APPICON_NAME = AppIcon;
				ASSETCATALOG_COMPILER_GLOBAL_ACCENT_COLOR_NAME = AccentColor;
				CODE_SIGN_ENTITLEMENTS = MyTwitter/MyTwitter.entitlements;
				CODE_SIGN_STYLE = Automatic;
				CURRENT_PROJECT_VERSION = 1;
				DEVELOPMENT_ASSET_PATHS = "\"MyTwitter/Preview Content\"";
				DEVELOPMENT_TEAM = PP55TUKCZU;
				ENABLE_HARDENED_RUNTIME = YES;
				ENABLE_PREVIEWS = YES;
				GENERATE_INFOPLIST_FILE = YES;
				"INFOPLIST_KEY_UIApplicationSceneManifest_Generation[sdk=iphoneos*]" = YES;
				"INFOPLIST_KEY_UIApplicationSceneManifest_Generation[sdk=iphonesimulator*]" = YES;
				"INFOPLIST_KEY_UIApplicationSupportsIndirectInputEvents[sdk=iphoneos*]" = YES;
				"INFOPLIST_KEY_UIApplicationSupportsIndirectInputEvents[sdk=iphonesimulator*]" = YES;
				"INFOPLIST_KEY_UILaunchScreen_Generation[sdk=iphoneos*]" = YES;
				"INFOPLIST_KEY_UILaunchScreen_Generation[sdk=iphonesimulator*]" = YES;
				"INFOPLIST_KEY_UIStatusBarStyle[sdk=iphoneos*]" = UIStatusBarStyleDefault;
				"INFOPLIST_KEY_UIStatusBarStyle[sdk=iphonesimulator*]" = UIStatusBarStyleDefault;
				INFOPLIST_KEY_UISupportedInterfaceOrientations_iPad = "UIInterfaceOrientationPortrait UIInterfaceOrientationPortraitUpsideDown UIInterfaceOrientationLandscapeLeft UIInterfaceOrientationLandscapeRight";
				INFOPLIST_KEY_UISupportedInterfaceOrientations_iPhone = "UIInterfaceOrientationPortrait UIInterfaceOrientationLandscapeLeft UIInterfaceOrientationLandscapeRight";
				IPHONEOS_DEPLOYMENT_TARGET = 16.4;
				LD_RUNPATH_SEARCH_PATHS = "@executable_path/Frameworks";
				"LD_RUNPATH_SEARCH_PATHS[sdk=macosx*]" = "@executable_path/../Frameworks";
				MACOSX_DEPLOYMENT_TARGET = 13.3;
				MARKETING_VERSION = 1.0;
				PRODUCT_BUNDLE_IDENTIFIER = shurup.MyTwitter;
				PRODUCT_NAME = "$(TARGET_NAME)";
				SDKROOT = auto;
				SUPPORTED_PLATFORMS = "iphoneos iphonesimulator macosx";
				SWIFT_EMIT_LOC_STRINGS = YES;
				SWIFT_VERSION = 5.0;
				TARGETED_DEVICE_FAMILY = "1,2";
			};
			name = Debug;
		};
		151A13E12A49AC9D00CB6011 /* Release */ = {
			isa = XCBuildConfiguration;
			buildSettings = {
				ASSETCATALOG_COMPILER_APPICON_NAME = AppIcon;
				ASSETCATALOG_COMPILER_GLOBAL_ACCENT_COLOR_NAME = AccentColor;
				CODE_SIGN_ENTITLEMENTS = MyTwitter/MyTwitter.entitlements;
				CODE_SIGN_STYLE = Automatic;
				CURRENT_PROJECT_VERSION = 1;
				DEVELOPMENT_ASSET_PATHS = "\"MyTwitter/Preview Content\"";
				DEVELOPMENT_TEAM = PP55TUKCZU;
				ENABLE_HARDENED_RUNTIME = YES;
				ENABLE_PREVIEWS = YES;
				GENERATE_INFOPLIST_FILE = YES;
				"INFOPLIST_KEY_UIApplicationSceneManifest_Generation[sdk=iphoneos*]" = YES;
				"INFOPLIST_KEY_UIApplicationSceneManifest_Generation[sdk=iphonesimulator*]" = YES;
				"INFOPLIST_KEY_UIApplicationSupportsIndirectInputEvents[sdk=iphoneos*]" = YES;
				"INFOPLIST_KEY_UIApplicationSupportsIndirectInputEvents[sdk=iphonesimulator*]" = YES;
				"INFOPLIST_KEY_UILaunchScreen_Generation[sdk=iphoneos*]" = YES;
				"INFOPLIST_KEY_UILaunchScreen_Generation[sdk=iphonesimulator*]" = YES;
				"INFOPLIST_KEY_UIStatusBarStyle[sdk=iphoneos*]" = UIStatusBarStyleDefault;
				"INFOPLIST_KEY_UIStatusBarStyle[sdk=iphonesimulator*]" = UIStatusBarStyleDefault;
				INFOPLIST_KEY_UISupportedInterfaceOrientations_iPad = "UIInterfaceOrientationPortrait UIInterfaceOrientationPortraitUpsideDown UIInterfaceOrientationLandscapeLeft UIInterfaceOrientationLandscapeRight";
				INFOPLIST_KEY_UISupportedInterfaceOrientations_iPhone = "UIInterfaceOrientationPortrait UIInterfaceOrientationLandscapeLeft UIInterfaceOrientationLandscapeRight";
				IPHONEOS_DEPLOYMENT_TARGET = 16.4;
				LD_RUNPATH_SEARCH_PATHS = "@executable_path/Frameworks";
				"LD_RUNPATH_SEARCH_PATHS[sdk=macosx*]" = "@executable_path/../Frameworks";
				MACOSX_DEPLOYMENT_TARGET = 13.3;
				MARKETING_VERSION = 1.0;
				PRODUCT_BUNDLE_IDENTIFIER = shurup.MyTwitter;
				PRODUCT_NAME = "$(TARGET_NAME)";
				SDKROOT = auto;
				SUPPORTED_PLATFORMS = "iphoneos iphonesimulator macosx";
				SWIFT_EMIT_LOC_STRINGS = YES;
				SWIFT_VERSION = 5.0;
				TARGETED_DEVICE_FAMILY = "1,2";
			};
			name = Release;
		};
		151A13E32A49AC9D00CB6011 /* Debug */ = {
			isa = XCBuildConfiguration;
			buildSettings = {
				ALWAYS_EMBED_SWIFT_STANDARD_LIBRARIES = YES;
				BUNDLE_LOADER = "$(TEST_HOST)";
				CODE_SIGN_STYLE = Automatic;
				CURRENT_PROJECT_VERSION = 1;
				DEVELOPMENT_TEAM = PP55TUKCZU;
				GENERATE_INFOPLIST_FILE = YES;
				IPHONEOS_DEPLOYMENT_TARGET = 16.4;
				MACOSX_DEPLOYMENT_TARGET = 13.3;
				MARKETING_VERSION = 1.0;
				PRODUCT_BUNDLE_IDENTIFIER = shurup.MyTwitterTests;
				PRODUCT_NAME = "$(TARGET_NAME)";
				SDKROOT = auto;
				SUPPORTED_PLATFORMS = "iphoneos iphonesimulator macosx";
				SWIFT_EMIT_LOC_STRINGS = NO;
				SWIFT_VERSION = 5.0;
				TARGETED_DEVICE_FAMILY = "1,2";
				TEST_HOST = "$(BUILT_PRODUCTS_DIR)/MyTwitter.app/$(BUNDLE_EXECUTABLE_FOLDER_PATH)/MyTwitter";
			};
			name = Debug;
		};
		151A13E42A49AC9D00CB6011 /* Release */ = {
			isa = XCBuildConfiguration;
			buildSettings = {
				ALWAYS_EMBED_SWIFT_STANDARD_LIBRARIES = YES;
				BUNDLE_LOADER = "$(TEST_HOST)";
				CODE_SIGN_STYLE = Automatic;
				CURRENT_PROJECT_VERSION = 1;
				DEVELOPMENT_TEAM = PP55TUKCZU;
				GENERATE_INFOPLIST_FILE = YES;
				IPHONEOS_DEPLOYMENT_TARGET = 16.4;
				MACOSX_DEPLOYMENT_TARGET = 13.3;
				MARKETING_VERSION = 1.0;
				PRODUCT_BUNDLE_IDENTIFIER = shurup.MyTwitterTests;
				PRODUCT_NAME = "$(TARGET_NAME)";
				SDKROOT = auto;
				SUPPORTED_PLATFORMS = "iphoneos iphonesimulator macosx";
				SWIFT_EMIT_LOC_STRINGS = NO;
				SWIFT_VERSION = 5.0;
				TARGETED_DEVICE_FAMILY = "1,2";
				TEST_HOST = "$(BUILT_PRODUCTS_DIR)/MyTwitter.app/$(BUNDLE_EXECUTABLE_FOLDER_PATH)/MyTwitter";
			};
			name = Release;
		};
		151A13E62A49AC9D00CB6011 /* Debug */ = {
			isa = XCBuildConfiguration;
			buildSettings = {
				ALWAYS_EMBED_SWIFT_STANDARD_LIBRARIES = YES;
				CODE_SIGN_STYLE = Automatic;
				CURRENT_PROJECT_VERSION = 1;
				DEVELOPMENT_TEAM = PP55TUKCZU;
				GENERATE_INFOPLIST_FILE = YES;
				IPHONEOS_DEPLOYMENT_TARGET = 16.4;
				MACOSX_DEPLOYMENT_TARGET = 13.3;
				MARKETING_VERSION = 1.0;
				PRODUCT_BUNDLE_IDENTIFIER = shurup.MyTwitterUITests;
				PRODUCT_NAME = "$(TARGET_NAME)";
				SDKROOT = auto;
				SUPPORTED_PLATFORMS = "iphoneos iphonesimulator macosx";
				SWIFT_EMIT_LOC_STRINGS = NO;
				SWIFT_VERSION = 5.0;
				TARGETED_DEVICE_FAMILY = "1,2";
				TEST_TARGET_NAME = MyTwitter;
			};
			name = Debug;
		};
		151A13E72A49AC9D00CB6011 /* Release */ = {
			isa = XCBuildConfiguration;
			buildSettings = {
				ALWAYS_EMBED_SWIFT_STANDARD_LIBRARIES = YES;
				CODE_SIGN_STYLE = Automatic;
				CURRENT_PROJECT_VERSION = 1;
				DEVELOPMENT_TEAM = PP55TUKCZU;
				GENERATE_INFOPLIST_FILE = YES;
				IPHONEOS_DEPLOYMENT_TARGET = 16.4;
				MACOSX_DEPLOYMENT_TARGET = 13.3;
				MARKETING_VERSION = 1.0;
				PRODUCT_BUNDLE_IDENTIFIER = shurup.MyTwitterUITests;
				PRODUCT_NAME = "$(TARGET_NAME)";
				SDKROOT = auto;
				SUPPORTED_PLATFORMS = "iphoneos iphonesimulator macosx";
				SWIFT_EMIT_LOC_STRINGS = NO;
				SWIFT_VERSION = 5.0;
				TARGETED_DEVICE_FAMILY = "1,2";
				TEST_TARGET_NAME = MyTwitter;
			};
			name = Release;
		};
/* End XCBuildConfiguration section */

/* Begin XCConfigurationList section */
		151A13B52A49AC9B00CB6011 /* Build configuration list for PBXProject "MyTwitter" */ = {
			isa = XCConfigurationList;
			buildConfigurations = (
				151A13DD2A49AC9D00CB6011 /* Debug */,
				151A13DE2A49AC9D00CB6011 /* Release */,
			);
			defaultConfigurationIsVisible = 0;
			defaultConfigurationName = Release;
		};
		151A13DF2A49AC9D00CB6011 /* Build configuration list for PBXNativeTarget "MyTwitter" */ = {
			isa = XCConfigurationList;
			buildConfigurations = (
				151A13E02A49AC9D00CB6011 /* Debug */,
				151A13E12A49AC9D00CB6011 /* Release */,
			);
			defaultConfigurationIsVisible = 0;
			defaultConfigurationName = Release;
		};
		151A13E22A49AC9D00CB6011 /* Build configuration list for PBXNativeTarget "MyTwitterTests" */ = {
			isa = XCConfigurationList;
			buildConfigurations = (
				151A13E32A49AC9D00CB6011 /* Debug */,
				151A13E42A49AC9D00CB6011 /* Release */,
			);
			defaultConfigurationIsVisible = 0;
			defaultConfigurationName = Release;
		};
		151A13E52A49AC9D00CB6011 /* Build configuration list for PBXNativeTarget "MyTwitterUITests" */ = {
			isa = XCConfigurationList;
			buildConfigurations = (
				151A13E62A49AC9D00CB6011 /* Debug */,
				151A13E72A49AC9D00CB6011 /* Release */,
			);
			defaultConfigurationIsVisible = 0;
			defaultConfigurationName = Release;
		};
/* End XCConfigurationList section */
	};
	rootObject = 151A13B22A49AC9B00CB6011 /* Project object */;
}
